Microsoft Visual Studio Solution File, Format Version 12.00
# Visual Studio Version 17
VisualStudioVersion = 17.5.2.0
MinimumVisualStudioVersion = 10.0.40219.1
Project("{FAE04EC0-301F-11D3-BF4B-00C04F79EFBC}") = "PDFShelf.API", "PDFShelf.API.csproj", "{2E73D2CC-2F06-65B4-DF5D-318606E223B5}"
EndProject
Global
	GlobalSection(SolutionConfigurationPlatforms) = preSolution
		Debug|Any CPU = Debug|Any CPU
		Release|Any CPU = Release|Any CPU
	EndGlobalSection
	GlobalSection(ProjectConfigurationPlatforms) = postSolution
		{2E73D2CC-2F06-65B4-DF5D-318606E223B5}.Debug|Any CPU.ActiveCfg = Debug|Any CPU
		{2E73D2CC-2F06-65B4-DF5D-318606E223B5}.Debug|Any CPU.Build.0 = Debug|Any CPU
		{2E73D2CC-2F06-65B4-DF5D-318606E223B5}.Release|Any CPU.ActiveCfg = Release|Any CPU
		{2E73D2CC-2F06-65B4-DF5D-318606E223B5}.Release|Any CPU.Build.0 = Release|Any CPU
	EndGlobalSection
	GlobalSection(SolutionProperties) = preSolution
		HideSolutionNode = FALSE
	EndGlobalSection
	GlobalSection(ExtensibilityGlobals) = postSolution
		SolutionGuid = {E58A4F23-5A66-463F-B6AE-7DE2B23E0E7F}
	EndGlobalSection
EndGlobal
